<?xml version="1.0" encoding="utf-8"?>
<Project ToolsVersion="4.0" xmlns="http://schemas.microsoft.com/developer/msbuild/2003">
  <ItemGroup>
    <ClCompile Include="InputManager.cpp">
      <Filter>Ressource Files</Filter>
    </ClCompile>
    <ClCompile Include="RessourceManager.cpp">
      <Filter>Ressource Files</Filter>
    </ClCompile>
    <ClCompile Include="main.cpp">
      <Filter>Ressource Files</Filter>
    </ClCompile>
    <ClCompile Include="Agent.cpp">
      <Filter>Ressource Files</Filter>
    </ClCompile>
    <ClCompile Include="AgentStates.cpp">
      <Filter>Ressource Files</Filter>
    </ClCompile>
    <ClCompile Include="EntityManager.cpp">
      <Filter>Ressource Files</Filter>
    </ClCompile>
    <ClCompile Include="Scope.cpp">
      <Filter>Ressource Files</Filter>
    </ClCompile>
    <ClCompile Include="MessageManager.cpp">
      <Filter>Ressource Files</Filter>
    </ClCompile>
    <ClCompile Include="UpdateManager.cpp">
      <Filter>Ressource Files</Filter>
    </ClCompile>
    <ClCompile Include="PhysikManager.cpp">
      <Filter>Ressource Files</Filter>
    </ClCompile>
  </ItemGroup>
  <ItemGroup>
    <ClInclude Include="Globals.h">
      <Filter>Header</Filter>
    </ClInclude>
    <ClInclude Include="InputManager.h">
      <Filter>Header</Filter>
    </ClInclude>
    <ClInclude Include="RessourceManager.h">
      <Filter>Header</Filter>
    </ClInclude>
    <ClInclude Include="Timer.h">
      <Filter>Header</Filter>
    </ClInclude>
    <ClInclude Include="BaseGameEntity.h">
      <Filter>Header</Filter>
    </ClInclude>
    <ClInclude Include="Vector.h">
      <Filter>Header</Filter>
    </ClInclude>
    <ClInclude Include="MovingEntity.h">
      <Filter>Header</Filter>
    </ClInclude>
    <ClInclude Include="StateMachine.h">
      <Filter>Header</Filter>
    </ClInclude>
    <ClInclude Include="Agent.h">
      <Filter>Header</Filter>
    </ClInclude>
    <ClInclude Include="AgentStates.h">
      <Filter>Header</Filter>
    </ClInclude>
    <ClInclude Include="State.h">
      <Filter>Header</Filter>
    </ClInclude>
    <ClInclude Include="EntityManager.h">
      <Filter>Header</Filter>
    </ClInclude>
    <ClInclude Include="Scope.h">
      <Filter>Header</Filter>
    </ClInclude>
    <ClInclude Include="MessageManager.h">
      <Filter>Header</Filter>
    </ClInclude>
    <ClInclude Include="Message.h">
      <Filter>Header</Filter>
    </ClInclude>
    <ClInclude Include="UpdateManager.h">
      <Filter>Header</Filter>
    </ClInclude>
    <ClInclude Include="PhysicsManager.h">
      <Filter>Header</Filter>
    </ClInclude>
    <ClInclude Include="Matrix.h">
      <Filter>Header</Filter>
    </ClInclude>
  </ItemGroup>
  <ItemGroup>
    <Filter Include="Ressource Files">
      <UniqueIdentifier>{4753d05f-5857-4601-a573-757c1db72d76}</UniqueIdentifier>
    </Filter>
    <Filter Include="Header">
      <UniqueIdentifier>{0bda75f4-ac96-4ae4-b899-7217e6a0b513}</UniqueIdentifier>
    </Filter>
  </ItemGroup>
</Project>